# This file is automatically generated by cargo-component.
# It is not intended for manual editing.
version = 1

[[package]]
name = "wasi:clocks"

[[package.version]]
requirement = "^0.2.9"
version = "0.2.9"
digest = "sha256:afec4affde64d11beed4558e48b1ef6befd14cc75df56d456c88e58473c8221f"

[[package]]
name = "wasi:filesystem"

[[package.version]]
requirement = "^0.2.9"
version = "0.2.9"
digest = "sha256:ffcd8883b31f4be3d21fd3843f1faf7f801d7c2ca0ce4a23eac6e7d60d5c8924"

[[package]]
name = "wasi:io"

[[package.version]]
requirement = "^0.2.9"
version = "0.2.9"
digest = "sha256:d1ab645a5a4eaf56d45e3f0d8027803cb7b600f13e2126156d69ac508a9da3b9"
